
Microsoft Visual Studio Solution File, Format Version 12.00
# Visual Studio 2012
Project("{FAE04EC0-301F-11D3-BF4B-00C04F79EFBC}") = "ExpressionParser", "ExpressionParser\ExpressionParser.csproj", "{BE4DE360-1A5A-4EFB-919D-B618C1B61156}"
EndProject
Global
	GlobalSection(SolutionConfigurationPlatforms) = preSolution
		Debug|Any CPU = Debug|Any CPU
		Release|Any CPU = Release|Any CPU
	EndGlobalSection
	GlobalSection(ProjectConfigurationPlatforms) = postSolution
		{BE4DE360-1A5A-4EFB-919D-B618C1B61156}.Debug|Any CPU.ActiveCfg = Debug|Any CPU
		{BE4DE360-1A5A-4EFB-919D-B618C1B61156}.Debug|Any CPU.Build.0 = Debug|Any CPU
		{BE4DE360-1A5A-4EFB-919D-B618C1B61156}.Release|Any CPU.ActiveCfg = Release|Any CPU
		{BE4DE360-1A5A-4EFB-919D-B618C1B61156}.Release|Any CPU.Build.0 = Release|Any CPU
	EndGlobalSection
	GlobalSection(SolutionProperties) = preSolution
		HideSolutionNode = FALSE
	EndGlobalSection
EndGlobal
